<?xml version="1.0" encoding="utf-8"?>
<Project ToolsVersion="4.0" xmlns="http://schemas.microsoft.com/developer/msbuild/2003">
  <ItemGroup>
    <Filter Include="Src">
      <UniqueIdentifier>{10940d29-204f-448b-86ea-70f5535af99b}</UniqueIdentifier>
    </Filter>
    <Filter Include="Inc">
      <UniqueIdentifier>{4bf78a10-d586-4a0d-8223-466cfc4c17f1}</UniqueIdentifier>
    </Filter>
  </ItemGroup>
  <ItemGroup>
    <ClCompile Include="Src\client.cpp">
      <Filter>Src</Filter>
    </ClCompile>
    <ClCompile Include="..\Common\Src\MessageFormat.cpp">
      <Filter>Src</Filter>
    </ClCompile>
  </ItemGroup>
  <ItemGroup>
    <ClInclude Include="..\Common\Inc\MessageFormat.h">
      <Filter>Inc</Filter>
    </ClInclude>
  </ItemGroup>
</Project>